
Microsoft Visual Studio Solution File, Format Version 12.00
# Visual Studio Version 17
VisualStudioVersion = 17.8.34601.278
MinimumVisualStudioVersion = 10.0.40219.1
Project("{FAE04EC0-301F-11D3-BF4B-00C04F79EFBC}") = "StudentManagement", "StudentManagement\StudentManagement.csproj", "{3EE70D28-C7E0-4F85-AE42-058EC959D36E}"
EndProject
Global
	GlobalSection(SolutionConfigurationPlatforms) = preSolution
		Debug|Any CPU = Debug|Any CPU
		Release|Any CPU = Release|Any CPU
	EndGlobalSection
	GlobalSection(ProjectConfigurationPlatforms) = postSolution
		{3EE70D28-C7E0-4F85-AE42-058EC959D36E}.Debug|Any CPU.ActiveCfg = Debug|Any CPU
		{3EE70D28-C7E0-4F85-AE42-058EC959D36E}.Debug|Any CPU.Build.0 = Debug|Any CPU
		{3EE70D28-C7E0-4F85-AE42-058EC959D36E}.Release|Any CPU.ActiveCfg = Release|Any CPU
		{3EE70D28-C7E0-4F85-AE42-058EC959D36E}.Release|Any CPU.Build.0 = Release|Any CPU
	EndGlobalSection
	GlobalSection(SolutionProperties) = preSolution
		HideSolutionNode = FALSE
	EndGlobalSection
	GlobalSection(ExtensibilityGlobals) = postSolution
		SolutionGuid = {990DDB46-4A20-4F1E-85A3-A7A2E7320F20}
	EndGlobalSection
EndGlobal
