
Microsoft Visual Studio Solution File, Format Version 12.00
# Visual Studio Version 17
VisualStudioVersion = 17.9.34701.34
MinimumVisualStudioVersion = 10.0.40219.1
Project("{FAE04EC0-301F-11D3-BF4B-00C04F79EFBC}") = "ClassManagement", "ClassManagement\ClassManagement.csproj", "{20DF8293-6177-454B-B966-8A8C287E9A8F}"
EndProject
Global
	GlobalSection(SolutionConfigurationPlatforms) = preSolution
		Debug|Any CPU = Debug|Any CPU
		Release|Any CPU = Release|Any CPU
	EndGlobalSection
	GlobalSection(ProjectConfigurationPlatforms) = postSolution
		{20DF8293-6177-454B-B966-8A8C287E9A8F}.Debug|Any CPU.ActiveCfg = Debug|Any CPU
		{20DF8293-6177-454B-B966-8A8C287E9A8F}.Debug|Any CPU.Build.0 = Debug|Any CPU
		{20DF8293-6177-454B-B966-8A8C287E9A8F}.Release|Any CPU.ActiveCfg = Release|Any CPU
		{20DF8293-6177-454B-B966-8A8C287E9A8F}.Release|Any CPU.Build.0 = Release|Any CPU
	EndGlobalSection
	GlobalSection(SolutionProperties) = preSolution
		HideSolutionNode = FALSE
	EndGlobalSection
	GlobalSection(ExtensibilityGlobals) = postSolution
		SolutionGuid = {C1E106EF-6CB3-4882-9771-C2A96D55FA4B}
	EndGlobalSection
EndGlobal
